# THIS IS AN AUTOGENERATED FILE. DO NOT EDIT THIS FILE DIRECTLY.
# yarn lockfile v1


meta-npmignore@^0.2.0:
  version "0.2.1"
  resolved "https://registry.yarnpkg.com/meta-npmignore/-/meta-npmignore-0.2.1.tgz#a5f9df96ef07183a4818427521e967afdbca3f75"
  integrity sha512-qbX0j5Rkqg7Y/YG07GGXUEN/B4GYSLpP/hCEjFIwiKRG21fEGswqsflNjjdtwjOqu1OY9S9qhJBOoS5ulY/zbQ==
